
Microsoft Visual Studio Solution File, Format Version 12.00
# Visual Studio Version 17
VisualStudioVersion = 17.12.35707.178
MinimumVisualStudioVersion = 10.0.40219.1
Project("{FAE04EC0-301F-11D3-BF4B-00C04F79EFBC}") = "Terrarium", "Terrarium\Terrarium.csproj", "{234D9EDB-5FCA-43B7-AB15-A986AB0848EA}"
EndProject
Project("{FAE04EC0-301F-11D3-BF4B-00C04F79EFBC}") = "TranslationExtractor", "TranslationExtractor\TranslationExtractor.csproj", "{DE71D061-96A5-45C2-A796-E145F0F2AF8E}"
EndProject
Project("{2150E333-8FDC-42A3-9474-1A3956D46DE8}") = "Solution Items", "Solution Items", "{8EC462FD-D22E-90A8-E5CE-7E832BA40C5D}"
	ProjectSection(SolutionItems) = preProject
		README.md = README.md
	EndProjectSection
EndProject
Global
	GlobalSection(SolutionConfigurationPlatforms) = preSolution
		Debug|Any CPU = Debug|Any CPU
		Release|Any CPU = Release|Any CPU
	EndGlobalSection
	GlobalSection(ProjectConfigurationPlatforms) = postSolution
		{234D9EDB-5FCA-43B7-AB15-A986AB0848EA}.Debug|Any CPU.ActiveCfg = Debug|Any CPU
		{234D9EDB-5FCA-43B7-AB15-A986AB0848EA}.Debug|Any CPU.Build.0 = Debug|Any CPU
		{234D9EDB-5FCA-43B7-AB15-A986AB0848EA}.Release|Any CPU.ActiveCfg = Release|Any CPU
		{234D9EDB-5FCA-43B7-AB15-A986AB0848EA}.Release|Any CPU.Build.0 = Release|Any CPU
		{DE71D061-96A5-45C2-A796-E145F0F2AF8E}.Debug|Any CPU.ActiveCfg = Debug|Any CPU
		{DE71D061-96A5-45C2-A796-E145F0F2AF8E}.Debug|Any CPU.Build.0 = Debug|Any CPU
		{DE71D061-96A5-45C2-A796-E145F0F2AF8E}.Release|Any CPU.ActiveCfg = Release|Any CPU
		{DE71D061-96A5-45C2-A796-E145F0F2AF8E}.Release|Any CPU.Build.0 = Release|Any CPU
	EndGlobalSection
	GlobalSection(SolutionProperties) = preSolution
		HideSolutionNode = FALSE
	EndGlobalSection
	GlobalSection(ExtensibilityGlobals) = postSolution
		SolutionGuid = {E9E1492A-546F-47FD-BA49-9FB575D76EF6}
	EndGlobalSection
EndGlobal
